// !$*UTF8*$!
{
	archiveVersion = 1;
	classes = {
	};
	objectVersion = 46;
	objects = {

/* Begin PBXBuildFile section */
		C51B194018A0C29C00FF9AD2 /* ComposeViewController.m in Sources */ = {isa = PBXBuildFile; fileRef = C51B193E18A0C29C00FF9AD2 /* ComposeViewController.m */; };
		C51B194118A0C29C00FF9AD2 /* ComposeViewController.xib in Resources */ = {isa = PBXBuildFile; fileRef = C51B193F18A0C29C00FF9AD2 /* ComposeViewController.xib */; };
		C530E01E189DAC080026AD00 /* Foundation.framework in Frameworks */ = {isa = PBXBuildFile; fileRef = C530E01D189DAC080026AD00 /* Foundation.framework */; };
		C530E020189DAC080026AD00 /* CoreGraphics.framework in Frameworks */ = {isa = PBXBuildFile; fileRef = C530E01F189DAC080026AD00 /* CoreGraphics.framework */; };
		C530E022189DAC080026AD00 /* UIKit.framework in Frameworks */ = {isa = PBXBuildFile; fileRef = C530E021189DAC080026AD00 /* UIKit.framework */; };
		C530E028189DAC080026AD00 /* InfoPlist.strings in Resources */ = {isa = PBXBuildFile; fileRef = C530E026189DAC080026AD00 /* InfoPlist.strings */; };
		C530E02A189DAC080026AD00 /* main.m in Sources */ = {isa = PBXBuildFile; fileRef = C530E029189DAC080026AD00 /* main.m */; };
		C530E02E189DAC080026AD00 /* AppDelegate.m in Sources */ = {isa = PBXBuildFile; fileRef = C530E02D189DAC080026AD00 /* AppDelegate.m */; };
		C530E030189DAC080026AD00 /* Images.xcassets in Resources */ = {isa = PBXBuildFile; fileRef = C530E02F189DAC080026AD00 /* Images.xcassets */; };
		C530E037189DAC080026AD00 /* XCTest.framework in Frameworks */ = {isa = PBXBuildFile; fileRef = C530E036189DAC080026AD00 /* XCTest.framework */; };
		C530E038189DAC080026AD00 /* Foundation.framework in Frameworks */ = {isa = PBXBuildFile; fileRef = C530E01D189DAC080026AD00 /* Foundation.framework */; };
		C530E039189DAC080026AD00 /* UIKit.framework in Frameworks */ = {isa = PBXBuildFile; fileRef = C530E021189DAC080026AD00 /* UIKit.framework */; };
		C530E041189DAC080026AD00 /* InfoPlist.strings in Resources */ = {isa = PBXBuildFile; fileRef = C530E03F189DAC080026AD00 /* InfoPlist.strings */; };
		C530E043189DAC080026AD00 /* twitter_clientTests.m in Sources */ = {isa = PBXBuildFile; fileRef = C530E042189DAC080026AD00 /* twitter_clientTests.m */; };
		C53AFBAF18A30765009217D6 /* Parse.framework in Frameworks */ = {isa = PBXBuildFile; fileRef = C53AFBAE18A30765009217D6 /* Parse.framework */; };
		C53AFBB918A3083D009217D6 /* AudioToolbox.framework in Frameworks */ = {isa = PBXBuildFile; fileRef = C53AFBB018A3083C009217D6 /* AudioToolbox.framework */; };
		C53AFBBA18A3083D009217D6 /* CFNetwork.framework in Frameworks */ = {isa = PBXBuildFile; fileRef = C53AFBB118A3083C009217D6 /* CFNetwork.framework */; };
		C53AFBBB18A3083D009217D6 /* CoreLocation.framework in Frameworks */ = {isa = PBXBuildFile; fileRef = C53AFBB218A3083C009217D6 /* CoreLocation.framework */; };
		C53AFBBC18A3083D009217D6 /* libz.dylib in Frameworks */ = {isa = PBXBuildFile; fileRef = C53AFBB318A3083C009217D6 /* libz.dylib */; };
		C53AFBBD18A3083D009217D6 /* MobileCoreServices.framework in Frameworks */ = {isa = PBXBuildFile; fileRef = C53AFBB418A3083C009217D6 /* MobileCoreServices.framework */; };
		C53AFBBE18A3083D009217D6 /* QuartzCore.framework in Frameworks */ = {isa = PBXBuildFile; fileRef = C53AFBB518A3083C009217D6 /* QuartzCore.framework */; };
		C53AFBBF18A3083D009217D6 /* Security.framework in Frameworks */ = {isa = PBXBuildFile; fileRef = C53AFBB618A3083C009217D6 /* Security.framework */; };
		C53AFBC018A3083D009217D6 /* StoreKit.framework in Frameworks */ = {isa = PBXBuildFile; fileRef = C53AFBB718A3083C009217D6 /* StoreKit.framework */; };
		C53AFBC118A3083D009217D6 /* SystemConfiguration.framework in Frameworks */ = {isa = PBXBuildFile; fileRef = C53AFBB818A3083D009217D6 /* SystemConfiguration.framework */; };
		C53AFBC318A30BBE009217D6 /* FacebookSDK.framework in Frameworks */ = {isa = PBXBuildFile; fileRef = C53AFBC218A30BBE009217D6 /* FacebookSDK.framework */; };
		C53CC551189DCED6006AECDA /* AuthViewController.m in Sources */ = {isa = PBXBuildFile; fileRef = C53CC54F189DCED6006AECDA /* AuthViewController.m */; };
		C53CC552189DCED6006AECDA /* AuthViewController.xib in Resources */ = {isa = PBXBuildFile; fileRef = C53CC550189DCED6006AECDA /* AuthViewController.xib */; };
		C53CC555189DD5D8006AECDA /* TwitterClient.m in Sources */ = {isa = PBXBuildFile; fileRef = C53CC554189DD5D8006AECDA /* TwitterClient.m */; };
		C53CC558189DEBD5006AECDA /* User.m in Sources */ = {isa = PBXBuildFile; fileRef = C53CC557189DEBD5006AECDA /* User.m */; };
		C53CC55E189DFA35006AECDA /* HomeViewController.m in Sources */ = {isa = PBXBuildFile; fileRef = C53CC55D189DFA35006AECDA /* HomeViewController.m */; };
		C53CC561189DFADB006AECDA /* Tweet.m in Sources */ = {isa = PBXBuildFile; fileRef = C53CC560189DFADB006AECDA /* Tweet.m */; };
		C53CC564189DFB96006AECDA /* RestObject.m in Sources */ = {isa = PBXBuildFile; fileRef = C53CC563189DFB96006AECDA /* RestObject.m */; };
		C53CC5AC189E2B0E006AECDA /* NSDictionary+CPAdditions.m in Sources */ = {isa = PBXBuildFile; fileRef = C53CC5AB189E2B0E006AECDA /* NSDictionary+CPAdditions.m */; };
		C53CC5B0189E3BA2006AECDA /* TweetListCell.m in Sources */ = {isa = PBXBuildFile; fileRef = C53CC5AF189E3BA2006AECDA /* TweetListCell.m */; };
		C53CC5B2189E3BC1006AECDA /* TweetListCell.xib in Resources */ = {isa = PBXBuildFile; fileRef = C53CC5B1189E3BC1006AECDA /* TweetListCell.xib */; };
		C53CC5C1189F86C0006AECDA /* TweetViewController.m in Sources */ = {isa = PBXBuildFile; fileRef = C53CC5BF189F86C0006AECDA /* TweetViewController.m */; };
		C53CC5C2189F86C0006AECDA /* TweetViewController.xib in Resources */ = {isa = PBXBuildFile; fileRef = C53CC5C0189F86C0006AECDA /* TweetViewController.xib */; };
		F7324F5C48C5462B852114ED /* libPods.a in Frameworks */ = {isa = PBXBuildFile; fileRef = 8D523904ACB545419FE565B9 /* libPods.a */; };
/* End PBXBuildFile section */

/* Begin PBXContainerItemProxy section */
		C530E03A189DAC080026AD00 /* PBXContainerItemProxy */ = {
			isa = PBXContainerItemProxy;
			containerPortal = C530E012189DAC080026AD00 /* Project object */;
			proxyType = 1;
			remoteGlobalIDString = C530E019189DAC080026AD00;
			remoteInfo = twitter_client;
		};
/* End PBXContainerItemProxy section */

/* Begin PBXFileReference section */
		8D523904ACB545419FE565B9 /* libPods.a */ = {isa = PBXFileReference; explicitFileType = archive.ar; includeInIndex = 0; path = libPods.a; sourceTree = BUILT_PRODUCTS_DIR; };
		C51B193D18A0C29C00FF9AD2 /* ComposeViewController.h */ = {isa = PBXFileReference; fileEncoding = 4; lastKnownFileType = sourcecode.c.h; path = ComposeViewController.h; sourceTree = "<group>"; };
		C51B193E18A0C29C00FF9AD2 /* ComposeViewController.m */ = {isa = PBXFileReference; fileEncoding = 4; lastKnownFileType = sourcecode.c.objc; path = ComposeViewController.m; sourceTree = "<group>"; };
		C51B193F18A0C29C00FF9AD2 /* ComposeViewController.xib */ = {isa = PBXFileReference; fileEncoding = 4; lastKnownFileType = file.xib; path = ComposeViewController.xib; sourceTree = "<group>"; };
		C530E01A189DAC080026AD00 /* twitter_client.app */ = {isa = PBXFileReference; explicitFileType = wrapper.application; includeInIndex = 0; path = twitter_client.app; sourceTree = BUILT_PRODUCTS_DIR; };
		C530E01D189DAC080026AD00 /* Foundation.framework */ = {isa = PBXFileReference; lastKnownFileType = wrapper.framework; name = Foundation.framework; path = System/Library/Frameworks/Foundation.framework; sourceTree = SDKROOT; };
		C530E01F189DAC080026AD00 /* CoreGraphics.framework */ = {isa = PBXFileReference; lastKnownFileType = wrapper.framework; name = CoreGraphics.framework; path = System/Library/Frameworks/CoreGraphics.framework; sourceTree = SDKROOT; };
		C530E021189DAC080026AD00 /* UIKit.framework */ = {isa = PBXFileReference; lastKnownFileType = wrapper.framework; name = UIKit.framework; path = System/Library/Frameworks/UIKit.framework; sourceTree = SDKROOT; };
		C530E025189DAC080026AD00 /* twitter_client-Info.plist */ = {isa = PBXFileReference; lastKnownFileType = text.plist.xml; path = "twitter_client-Info.plist"; sourceTree = "<group>"; };
		C530E027189DAC080026AD00 /* en */ = {isa = PBXFileReference; lastKnownFileType = text.plist.strings; name = en; path = en.lproj/InfoPlist.strings; sourceTree = "<group>"; };
		C530E029189DAC080026AD00 /* main.m */ = {isa = PBXFileReference; lastKnownFileType = sourcecode.c.objc; path = main.m; sourceTree = "<group>"; };
		C530E02B189DAC080026AD00 /* twitter_client-Prefix.pch */ = {isa = PBXFileReference; lastKnownFileType = sourcecode.c.h; path = "twitter_client-Prefix.pch"; sourceTree = "<group>"; };
		C530E02C189DAC080026AD00 /* AppDelegate.h */ = {isa = PBXFileReference; lastKnownFileType = sourcecode.c.h; path = AppDelegate.h; sourceTree = "<group>"; };
		C530E02D189DAC080026AD00 /* AppDelegate.m */ = {isa = PBXFileReference; lastKnownFileType = sourcecode.c.objc; path = AppDelegate.m; sourceTree = "<group>"; };
		C530E02F189DAC080026AD00 /* Images.xcassets */ = {isa = PBXFileReference; lastKnownFileType = folder.assetcatalog; path = Images.xcassets; sourceTree = "<group>"; };
		C530E035189DAC080026AD00 /* twitter_clientTests.xctest */ = {isa = PBXFileReference; explicitFileType = wrapper.cfbundle; includeInIndex = 0; path = twitter_clientTests.xctest; sourceTree = BUILT_PRODUCTS_DIR; };
		C530E036189DAC080026AD00 /* XCTest.framework */ = {isa = PBXFileReference; lastKnownFileType = wrapper.framework; name = XCTest.framework; path = Library/Frameworks/XCTest.framework; sourceTree = DEVELOPER_DIR; };
		C530E03E189DAC080026AD00 /* twitter_clientTests-Info.plist */ = {isa = PBXFileReference; lastKnownFileType = text.plist.xml; path = "twitter_clientTests-Info.plist"; sourceTree = "<group>"; };
		C530E040189DAC080026AD00 /* en */ = {isa = PBXFileReference; lastKnownFileType = text.plist.strings; name = en; path = en.lproj/InfoPlist.strings; sourceTree = "<group>"; };
		C530E042189DAC080026AD00 /* twitter_clientTests.m */ = {isa = PBXFileReference; lastKnownFileType = sourcecode.c.objc; path = twitter_clientTests.m; sourceTree = "<group>"; };
		C53AFBAE18A30765009217D6 /* Parse.framework */ = {isa = PBXFileReference; lastKnownFileType = wrapper.framework; name = Parse.framework; path = ../Parse.framework; sourceTree = "<group>"; };
		C53AFBB018A3083C009217D6 /* AudioToolbox.framework */ = {isa = PBXFileReference; lastKnownFileType = wrapper.framework; name = AudioToolbox.framework; path = System/Library/Frameworks/AudioToolbox.framework; sourceTree = SDKROOT; };
		C53AFBB118A3083C009217D6 /* CFNetwork.framework */ = {isa = PBXFileReference; lastKnownFileType = wrapper.framework; name = CFNetwork.framework; path = System/Library/Frameworks/CFNetwork.framework; sourceTree = SDKROOT; };
		C53AFBB218A3083C009217D6 /* CoreLocation.framework */ = {isa = PBXFileReference; lastKnownFileType = wrapper.framework; name = CoreLocation.framework; path = System/Library/Frameworks/CoreLocation.framework; sourceTree = SDKROOT; };
		C53AFBB318A3083C009217D6 /* libz.dylib */ = {isa = PBXFileReference; lastKnownFileType = "compiled.mach-o.dylib"; name = libz.dylib; path = usr/lib/libz.dylib; sourceTree = SDKROOT; };
		C53AFBB418A3083C009217D6 /* MobileCoreServices.framework */ = {isa = PBXFileReference; lastKnownFileType = wrapper.framework; name = MobileCoreServices.framework; path = System/Library/Frameworks/MobileCoreServices.framework; sourceTree = SDKROOT; };
		C53AFBB518A3083C009217D6 /* QuartzCore.framework */ = {isa = PBXFileReference; lastKnownFileType = wrapper.framework; name = QuartzCore.framework; path = System/Library/Frameworks/QuartzCore.framework; sourceTree = SDKROOT; };
		C53AFBB618A3083C009217D6 /* Security.framework */ = {isa = PBXFileReference; lastKnownFileType = wrapper.framework; name = Security.framework; path = System/Library/Frameworks/Security.framework; sourceTree = SDKROOT; };
		C53AFBB718A3083C009217D6 /* StoreKit.framework */ = {isa = PBXFileReference; lastKnownFileType = wrapper.framework; name = StoreKit.framework; path = System/Library/Frameworks/StoreKit.framework; sourceTree = SDKROOT; };
		C53AFBB818A3083D009217D6 /* SystemConfiguration.framework */ = {isa = PBXFileReference; lastKnownFileType = wrapper.framework; name = SystemConfiguration.framework; path = System/Library/Frameworks/SystemConfiguration.framework; sourceTree = SDKROOT; };
		C53AFBC218A30BBE009217D6 /* FacebookSDK.framework */ = {isa = PBXFileReference; lastKnownFileType = wrapper.framework; name = FacebookSDK.framework; path = ../../../../../Documents/FacebookSDK/FacebookSDK.framework; sourceTree = "<group>"; };
		C53CC54E189DCED6006AECDA /* AuthViewController.h */ = {isa = PBXFileReference; fileEncoding = 4; lastKnownFileType = sourcecode.c.h; path = AuthViewController.h; sourceTree = "<group>"; };
		C53CC54F189DCED6006AECDA /* AuthViewController.m */ = {isa = PBXFileReference; fileEncoding = 4; lastKnownFileType = sourcecode.c.objc; path = AuthViewController.m; sourceTree = "<group>"; };
		C53CC550189DCED6006AECDA /* AuthViewController.xib */ = {isa = PBXFileReference; fileEncoding = 4; lastKnownFileType = file.xib; path = AuthViewController.xib; sourceTree = "<group>"; };
		C53CC553189DD5D8006AECDA /* TwitterClient.h */ = {isa = PBXFileReference; fileEncoding = 4; lastKnownFileType = sourcecode.c.h; path = TwitterClient.h; sourceTree = "<group>"; };
		C53CC554189DD5D8006AECDA /* TwitterClient.m */ = {isa = PBXFileReference; fileEncoding = 4; lastKnownFileType = sourcecode.c.objc; path = TwitterClient.m; sourceTree = "<group>"; };
		C53CC556189DEBD5006AECDA /* User.h */ = {isa = PBXFileReference; fileEncoding = 4; lastKnownFileType = sourcecode.c.h; path = User.h; sourceTree = "<group>"; };
		C53CC557189DEBD5006AECDA /* User.m */ = {isa = PBXFileReference; fileEncoding = 4; lastKnownFileType = sourcecode.c.objc; path = User.m; sourceTree = "<group>"; };
		C53CC55C189DFA35006AECDA /* HomeViewController.h */ = {isa = PBXFileReference; fileEncoding = 4; lastKnownFileType = sourcecode.c.h; path = HomeViewController.h; sourceTree = "<group>"; };
		C53CC55D189DFA35006AECDA /* HomeViewController.m */ = {isa = PBXFileReference; fileEncoding = 4; lastKnownFileType = sourcecode.c.objc; path = HomeViewController.m; sourceTree = "<group>"; };
		C53CC55F189DFADB006AECDA /* Tweet.h */ = {isa = PBXFileReference; fileEncoding = 4; lastKnownFileType = sourcecode.c.h; path = Tweet.h; sourceTree = "<group>"; };
		C53CC560189DFADB006AECDA /* Tweet.m */ = {isa = PBXFileReference; fileEncoding = 4; lastKnownFileType = sourcecode.c.objc; path = Tweet.m; sourceTree = "<group>"; };
		C53CC562189DFB96006AECDA /* RestObject.h */ = {isa = PBXFileReference; fileEncoding = 4; lastKnownFileType = sourcecode.c.h; path = RestObject.h; sourceTree = "<group>"; };
		C53CC563189DFB96006AECDA /* RestObject.m */ = {isa = PBXFileReference; fileEncoding = 4; lastKnownFileType = sourcecode.c.objc; path = RestObject.m; sourceTree = "<group>"; };
		C53CC5AA189E2B0E006AECDA /* NSDictionary+CPAdditions.h */ = {isa = PBXFileReference; fileEncoding = 4; lastKnownFileType = sourcecode.c.h; path = "NSDictionary+CPAdditions.h"; sourceTree = "<group>"; };
		C53CC5AB189E2B0E006AECDA /* NSDictionary+CPAdditions.m */ = {isa = PBXFileReference; fileEncoding = 4; lastKnownFileType = sourcecode.c.objc; path = "NSDictionary+CPAdditions.m"; sourceTree = "<group>"; };
		C53CC5AD189E2C31006AECDA /* TwitterCommon.h */ = {isa = PBXFileReference; lastKnownFileType = sourcecode.c.h; path = TwitterCommon.h; sourceTree = "<group>"; };
		C53CC5AE189E3BA2006AECDA /* TweetListCell.h */ = {isa = PBXFileReference; fileEncoding = 4; lastKnownFileType = sourcecode.c.h; path = TweetListCell.h; sourceTree = "<group>"; };
		C53CC5AF189E3BA2006AECDA /* TweetListCell.m */ = {isa = PBXFileReference; fileEncoding = 4; lastKnownFileType = sourcecode.c.objc; path = TweetListCell.m; sourceTree = "<group>"; };
		C53CC5B1189E3BC1006AECDA /* TweetListCell.xib */ = {isa = PBXFileReference; fileEncoding = 4; lastKnownFileType = file.xib; path = TweetListCell.xib; sourceTree = "<group>"; };
		C53CC5BE189F86C0006AECDA /* TweetViewController.h */ = {isa = PBXFileReference; fileEncoding = 4; lastKnownFileType = sourcecode.c.h; path = TweetViewController.h; sourceTree = "<group>"; };
		C53CC5BF189F86C0006AECDA /* TweetViewController.m */ = {isa = PBXFileReference; fileEncoding = 4; lastKnownFileType = sourcecode.c.objc; path = TweetViewController.m; sourceTree = "<group>"; };
		C53CC5C0189F86C0006AECDA /* TweetViewController.xib */ = {isa = PBXFileReference; fileEncoding = 4; lastKnownFileType = file.xib; path = TweetViewController.xib; sourceTree = "<group>"; };
		E6B73666142E4ADAAD78783D /* Pods.xcconfig */ = {isa = PBXFileReference; includeInIndex = 1; lastKnownFileType = text.xcconfig; name = Pods.xcconfig; path = Pods/Pods.xcconfig; sourceTree = "<group>"; };
/* End PBXFileReference section */

/* Begin PBXFrameworksBuildPhase section */
		C530E017189DAC080026AD00 /* Frameworks */ = {
			isa = PBXFrameworksBuildPhase;
			buildActionMask = 2147483647;
			files = (
				C53AFBB918A3083D009217D6 /* AudioToolbox.framework in Frameworks */,
				C53AFBBA18A3083D009217D6 /* CFNetwork.framework in Frameworks */,
				C53AFBBB18A3083D009217D6 /* CoreLocation.framework in Frameworks */,
				C53AFBBC18A3083D009217D6 /* libz.dylib in Frameworks */,
				C53AFBBD18A3083D009217D6 /* MobileCoreServices.framework in Frameworks */,
				C53AFBBE18A3083D009217D6 /* QuartzCore.framework in Frameworks */,
				C53AFBBF18A3083D009217D6 /* Security.framework in Frameworks */,
				C53AFBC018A3083D009217D6 /* StoreKit.framework in Frameworks */,
				C53AFBC118A3083D009217D6 /* SystemConfiguration.framework in Frameworks */,
				C530E020189DAC080026AD00 /* CoreGraphics.framework in Frameworks */,
				C530E022189DAC080026AD00 /* UIKit.framework in Frameworks */,
				C53AFBC318A30BBE009217D6 /* FacebookSDK.framework in Frameworks */,
				C530E01E189DAC080026AD00 /* Foundation.framework in Frameworks */,
				F7324F5C48C5462B852114ED /* libPods.a in Frameworks */,
				C53AFBAF18A30765009217D6 /* Parse.framework in Frameworks */,
			);
			runOnlyForDeploymentPostprocessing = 0;
		};
		C530E032189DAC080026AD00 /* Frameworks */ = {
			isa = PBXFrameworksBuildPhase;
			buildActionMask = 2147483647;
			files = (
				C530E037189DAC080026AD00 /* XCTest.framework in Frameworks */,
				C530E039189DAC080026AD00 /* UIKit.framework in Frameworks */,
				C530E038189DAC080026AD00 /* Foundation.framework in Frameworks */,
			);
			runOnlyForDeploymentPostprocessing = 0;
		};
/* End PBXFrameworksBuildPhase section */

/* Begin PBXGroup section */
		C530E011189DAC080026AD00 = {
			isa = PBXGroup;
			children = (
				C530E023189DAC080026AD00 /* twitter_client */,
				C530E03C189DAC080026AD00 /* twitter_clientTests */,
				C530E01C189DAC080026AD00 /* Frameworks */,
				C530E01B189DAC080026AD00 /* Products */,
				E6B73666142E4ADAAD78783D /* Pods.xcconfig */,
			);
			sourceTree = "<group>";
		};
		C530E01B189DAC080026AD00 /* Products */ = {
			isa = PBXGroup;
			children = (
				C530E01A189DAC080026AD00 /* twitter_client.app */,
				C530E035189DAC080026AD00 /* twitter_clientTests.xctest */,
			);
			name = Products;
			sourceTree = "<group>";
		};
		C530E01C189DAC080026AD00 /* Frameworks */ = {
			isa = PBXGroup;
			children = (
				C53AFBC218A30BBE009217D6 /* FacebookSDK.framework */,
				C53AFBB018A3083C009217D6 /* AudioToolbox.framework */,
				C53AFBB118A3083C009217D6 /* CFNetwork.framework */,
				C53AFBB218A3083C009217D6 /* CoreLocation.framework */,
				C53AFBB318A3083C009217D6 /* libz.dylib */,
				C53AFBB418A3083C009217D6 /* MobileCoreServices.framework */,
				C53AFBB518A3083C009217D6 /* QuartzCore.framework */,
				C53AFBB618A3083C009217D6 /* Security.framework */,
				C53AFBB718A3083C009217D6 /* StoreKit.framework */,
				C53AFBB818A3083D009217D6 /* SystemConfiguration.framework */,
				C53AFBAE18A30765009217D6 /* Parse.framework */,
				C530E01D189DAC080026AD00 /* Foundation.framework */,
				C530E01F189DAC080026AD00 /* CoreGraphics.framework */,
				C530E021189DAC080026AD00 /* UIKit.framework */,
				C530E036189DAC080026AD00 /* XCTest.framework */,
				8D523904ACB545419FE565B9 /* libPods.a */,
			);
			name = Frameworks;
			sourceTree = "<group>";
		};
		C530E023189DAC080026AD00 /* twitter_client */ = {
			isa = PBXGroup;
			children = (
				C53CC5A5189E2AB7006AECDA /* Utilities */,
				C53CC54D189DAFDC006AECDA /* View Controllers */,
				C53CC54C189DAF76006AECDA /* Views */,
				C53CC54B189DAF6F006AECDA /* Models */,
				C53CC54A189DAF6A006AECDA /* API */,
				C530E02C189DAC080026AD00 /* AppDelegate.h */,
				C530E02D189DAC080026AD00 /* AppDelegate.m */,
				C530E02F189DAC080026AD00 /* Images.xcassets */,
				C530E024189DAC080026AD00 /* Supporting Files */,
			);
			path = twitter_client;
			sourceTree = "<group>";
		};
		C530E024189DAC080026AD00 /* Supporting Files */ = {
			isa = PBXGroup;
			children = (
				C530E025189DAC080026AD00 /* twitter_client-Info.plist */,
				C530E026189DAC080026AD00 /* InfoPlist.strings */,
				C530E029189DAC080026AD00 /* main.m */,
				C530E02B189DAC080026AD00 /* twitter_client-Prefix.pch */,
				C53CC5AD189E2C31006AECDA /* TwitterCommon.h */,
			);
			name = "Supporting Files";
			sourceTree = "<group>";
		};
		C530E03C189DAC080026AD00 /* twitter_clientTests */ = {
			isa = PBXGroup;
			children = (
				C530E042189DAC080026AD00 /* twitter_clientTests.m */,
				C530E03D189DAC080026AD00 /* Supporting Files */,
			);
			path = twitter_clientTests;
			sourceTree = "<group>";
		};
		C530E03D189DAC080026AD00 /* Supporting Files */ = {
			isa = PBXGroup;
			children = (
				C530E03E189DAC080026AD00 /* twitter_clientTests-Info.plist */,
				C530E03F189DAC080026AD00 /* InfoPlist.strings */,
			);
			name = "Supporting Files";
			sourceTree = "<group>";
		};
		C53CC54A189DAF6A006AECDA /* API */ = {
			isa = PBXGroup;
			children = (
				C53CC553189DD5D8006AECDA /* TwitterClient.h */,
				C53CC554189DD5D8006AECDA /* TwitterClient.m */,
			);
			name = API;
			sourceTree = "<group>";
		};
		C53CC54B189DAF6F006AECDA /* Models */ = {
			isa = PBXGroup;
			children = (
				C53CC556189DEBD5006AECDA /* User.h */,
				C53CC557189DEBD5006AECDA /* User.m */,
				C53CC55F189DFADB006AECDA /* Tweet.h */,
				C53CC560189DFADB006AECDA /* Tweet.m */,
				C53CC562189DFB96006AECDA /* RestObject.h */,
				C53CC563189DFB96006AECDA /* RestObject.m */,
			);
			name = Models;
			sourceTree = "<group>";
		};
		C53CC54C189DAF76006AECDA /* Views */ = {
			isa = PBXGroup;
			children = (
				C53CC5AE189E3BA2006AECDA /* TweetListCell.h */,
				C53CC5AF189E3BA2006AECDA /* TweetListCell.m */,
				C53CC5B1189E3BC1006AECDA /* TweetListCell.xib */,
			);
			name = Views;
			sourceTree = "<group>";
		};
		C53CC54D189DAFDC006AECDA /* View Controllers */ = {
			isa = PBXGroup;
			children = (
				C53CC54E189DCED6006AECDA /* AuthViewController.h */,
				C53CC54F189DCED6006AECDA /* AuthViewController.m */,
				C53CC550189DCED6006AECDA /* AuthViewController.xib */,
				C53CC55C189DFA35006AECDA /* HomeViewController.h */,
				C53CC55D189DFA35006AECDA /* HomeViewController.m */,
				C53CC5BE189F86C0006AECDA /* TweetViewController.h */,
				C53CC5BF189F86C0006AECDA /* TweetViewController.m */,
				C53CC5C0189F86C0006AECDA /* TweetViewController.xib */,
				C51B193D18A0C29C00FF9AD2 /* ComposeViewController.h */,
				C51B193E18A0C29C00FF9AD2 /* ComposeViewController.m */,
				C51B193F18A0C29C00FF9AD2 /* ComposeViewController.xib */,
			);
			name = "View Controllers";
			sourceTree = "<group>";
		};
		C53CC5A5189E2AB7006AECDA /* Utilities */ = {
			isa = PBXGroup;
			children = (
				C53CC5A6189E2AC0006AECDA /* Categories */,
			);
			name = Utilities;
			sourceTree = "<group>";
		};
		C53CC5A6189E2AC0006AECDA /* Categories */ = {
			isa = PBXGroup;
			children = (
				C53CC5AA189E2B0E006AECDA /* NSDictionary+CPAdditions.h */,
				C53CC5AB189E2B0E006AECDA /* NSDictionary+CPAdditions.m */,
			);
			name = Categories;
			sourceTree = "<group>";
		};
/* End PBXGroup section */

/* Begin PBXNativeTarget section */
		C530E019189DAC080026AD00 /* twitter_client */ = {
			isa = PBXNativeTarget;
			buildConfigurationList = C530E046189DAC080026AD00 /* Build configuration list for PBXNativeTarget "twitter_client" */;
			buildPhases = (
				4F55143A5AD24E7286E8D4B0 /* Check Pods Manifest.lock */,
				C530E016189DAC080026AD00 /* Sources */,
				C530E017189DAC080026AD00 /* Frameworks */,
				C530E018189DAC080026AD00 /* Resources */,
				B659DA9E76F34DA6854CDB9B /* Copy Pods Resources */,
			);
			buildRules = (
			);
			dependencies = (
			);
			name = twitter_client;
			productName = twitter_client;
			productReference = C530E01A189DAC080026AD00 /* twitter_client.app */;
			productType = "com.apple.product-type.application";
		};
		C530E034189DAC080026AD00 /* twitter_clientTests */ = {
			isa = PBXNativeTarget;
			buildConfigurationList = C530E049189DAC080026AD00 /* Build configuration list for PBXNativeTarget "twitter_clientTests" */;
			buildPhases = (
				C530E031189DAC080026AD00 /* Sources */,
				C530E032189DAC080026AD00 /* Frameworks */,
				C530E033189DAC080026AD00 /* Resources */,
			);
			buildRules = (
			);
			dependencies = (
				C530E03B189DAC080026AD00 /* PBXTargetDependency */,
			);
			name = twitter_clientTests;
			productName = twitter_clientTests;
			productReference = C530E035189DAC080026AD00 /* twitter_clientTests.xctest */;
			productType = "com.apple.product-type.bundle.unit-test";
		};
/* End PBXNativeTarget section */

/* Begin PBXProject section */
		C530E012189DAC080026AD00 /* Project object */ = {
			isa = PBXProject;
			attributes = {
				LastUpgradeCheck = 0500;
				ORGANIZATIONNAME = "David Law";
				TargetAttributes = {
					C530E034189DAC080026AD00 = {
						TestTargetID = C530E019189DAC080026AD00;
					};
				};
			};
			buildConfigurationList = C530E015189DAC080026AD00 /* Build configuration list for PBXProject "twitter_client" */;
			compatibilityVersion = "Xcode 3.2";
			developmentRegion = English;
			hasScannedForEncodings = 0;
			knownRegions = (
				en,
			);
			mainGroup = C530E011189DAC080026AD00;
			productRefGroup = C530E01B189DAC080026AD00 /* Products */;
			projectDirPath = "";
			projectRoot = "";
			targets = (
				C530E019189DAC080026AD00 /* twitter_client */,
				C530E034189DAC080026AD00 /* twitter_clientTests */,
			);
		};
/* End PBXProject section */

/* Begin PBXResourcesBuildPhase section */
		C530E018189DAC080026AD00 /* Resources */ = {
			isa = PBXResourcesBuildPhase;
			buildActionMask = 2147483647;
			files = (
				C530E028189DAC080026AD00 /* InfoPlist.strings in Resources */,
				C53CC552189DCED6006AECDA /* AuthViewController.xib in Resources */,
				C53CC5C2189F86C0006AECDA /* TweetViewController.xib in Resources */,
				C530E030189DAC080026AD00 /* Images.xcassets in Resources */,
				C51B194118A0C29C00FF9AD2 /* ComposeViewController.xib in Resources */,
				C53CC5B2189E3BC1006AECDA /* TweetListCell.xib in Resources */,
			);
			runOnlyForDeploymentPostprocessing = 0;
		};
		C530E033189DAC080026AD00 /* Resources */ = {
			isa = PBXResourcesBuildPhase;
			buildActionMask = 2147483647;
			files = (
				C530E041189DAC080026AD00 /* InfoPlist.strings in Resources */,
			);
			runOnlyForDeploymentPostprocessing = 0;
		};
/* End PBXResourcesBuildPhase section */

/* Begin PBXShellScriptBuildPhase section */
		4F55143A5AD24E7286E8D4B0 /* Check Pods Manifest.lock */ = {
			isa = PBXShellScriptBuildPhase;
			buildActionMask = 2147483647;
			files = (
			);
			inputPaths = (
			);
			name = "Check Pods Manifest.lock";
			outputPaths = (
			);
			runOnlyForDeploymentPostprocessing = 0;
			shellPath = /bin/sh;
			shellScript = "diff \"${PODS_ROOT}/../Podfile.lock\" \"${PODS_ROOT}/Manifest.lock\" > /dev/null\nif [[ $? != 0 ]] ; then\n    cat << EOM\nerror: The sandbox is not in sync with the Podfile.lock. Run 'pod install' or update your CocoaPods installation.\nEOM\n    exit 1\nfi\n";
			showEnvVarsInLog = 0;
		};
		B659DA9E76F34DA6854CDB9B /* Copy Pods Resources */ = {
			isa = PBXShellScriptBuildPhase;
			buildActionMask = 2147483647;
			files = (
			);
			inputPaths = (
			);
			name = "Copy Pods Resources";
			outputPaths = (
			);
			runOnlyForDeploymentPostprocessing = 0;
			shellPath = /bin/sh;
			shellScript = "\"${SRCROOT}/Pods/Pods-resources.sh\"\n";
			showEnvVarsInLog = 0;
		};
/* End PBXShellScriptBuildPhase section */

/* Begin PBXSourcesBuildPhase section */
		C530E016189DAC080026AD00 /* Sources */ = {
			isa = PBXSourcesBuildPhase;
			buildActionMask = 2147483647;
			files = (
				C53CC5C1189F86C0006AECDA /* TweetViewController.m in Sources */,
				C53CC5AC189E2B0E006AECDA /* NSDictionary+CPAdditions.m in Sources */,
				C53CC558189DEBD5006AECDA /* User.m in Sources */,
				C53CC555189DD5D8006AECDA /* TwitterClient.m in Sources */,
				C530E02E189DAC080026AD00 /* AppDelegate.m in Sources */,
				C53CC561189DFADB006AECDA /* Tweet.m in Sources */,
				C53CC564189DFB96006AECDA /* RestObject.m in Sources */,
				C53CC551189DCED6006AECDA /* AuthViewController.m in Sources */,
				C530E02A189DAC080026AD00 /* main.m in Sources */,
				C51B194018A0C29C00FF9AD2 /* ComposeViewController.m in Sources */,
				C53CC55E189DFA35006AECDA /* HomeViewController.m in Sources */,
				C53CC5B0189E3BA2006AECDA /* TweetListCell.m in Sources */,
			);
			runOnlyForDeploymentPostprocessing = 0;
		};
		C530E031189DAC080026AD00 /* Sources */ = {
			isa = PBXSourcesBuildPhase;
			buildActionMask = 2147483647;
			files = (
				C530E043189DAC080026AD00 /* twitter_clientTests.m in Sources */,
			);
			runOnlyForDeploymentPostprocessing = 0;
		};
/* End PBXSourcesBuildPhase section */

/* Begin PBXTargetDependency section */
		C530E03B189DAC080026AD00 /* PBXTargetDependency */ = {
			isa = PBXTargetDependency;
			target = C530E019189DAC080026AD00 /* twitter_client */;
			targetProxy = C530E03A189DAC080026AD00 /* PBXContainerItemProxy */;
		};
/* End PBXTargetDependency section */

/* Begin PBXVariantGroup section */
		C530E026189DAC080026AD00 /* InfoPlist.strings */ = {
			isa = PBXVariantGroup;
			children = (
				C530E027189DAC080026AD00 /* en */,
			);
			name = InfoPlist.strings;
			sourceTree = "<group>";
		};
		C530E03F189DAC080026AD00 /* InfoPlist.strings */ = {
			isa = PBXVariantGroup;
			children = (
				C530E040189DAC080026AD00 /* en */,
			);
			name = InfoPlist.strings;
			sourceTree = "<group>";
		};
/* End PBXVariantGroup section */

/* Begin XCBuildConfiguration section */
		C530E044189DAC080026AD00 /* Debug */ = {
			isa = XCBuildConfiguration;
			buildSettings = {
				ALWAYS_SEARCH_USER_PATHS = NO;
				ARCHS = "$(ARCHS_STANDARD_INCLUDING_64_BIT)";
				CLANG_CXX_LANGUAGE_STANDARD = "gnu++0x";
				CLANG_CXX_LIBRARY = "libc++";
				CLANG_ENABLE_MODULES = YES;
				CLANG_ENABLE_OBJC_ARC = YES;
				CLANG_WARN_BOOL_CONVERSION = YES;
				CLANG_WARN_CONSTANT_CONVERSION = YES;
				CLANG_WARN_DIRECT_OBJC_ISA_USAGE = YES_ERROR;
				CLANG_WARN_EMPTY_BODY = YES;
				CLANG_WARN_ENUM_CONVERSION = YES;
				CLANG_WARN_INT_CONVERSION = YES;
				CLANG_WARN_OBJC_ROOT_CLASS = YES_ERROR;
				CLANG_WARN__DUPLICATE_METHOD_MATCH = YES;
				"CODE_SIGN_IDENTITY[sdk=iphoneos*]" = "iPhone Developer";
				COPY_PHASE_STRIP = NO;
				GCC_C_LANGUAGE_STANDARD = gnu99;
				GCC_DYNAMIC_NO_PIC = NO;
				GCC_OPTIMIZATION_LEVEL = 0;
				GCC_PREPROCESSOR_DEFINITIONS = (
					"DEBUG=1",
					"$(inherited)",
				);
				GCC_SYMBOLS_PRIVATE_EXTERN = NO;
				GCC_WARN_64_TO_32_BIT_CONVERSION = YES;
				GCC_WARN_ABOUT_RETURN_TYPE = YES_ERROR;
				GCC_WARN_UNDECLARED_SELECTOR = YES;
				GCC_WARN_UNINITIALIZED_AUTOS = YES;
				GCC_WARN_UNUSED_FUNCTION = YES;
				GCC_WARN_UNUSED_VARIABLE = YES;
				IPHONEOS_DEPLOYMENT_TARGET = 7.0;
				ONLY_ACTIVE_ARCH = YES;
				SDKROOT = iphoneos;
			};
			name = Debug;
		};
		C530E045189DAC080026AD00 /* Release */ = {
			isa = XCBuildConfiguration;
			buildSettings = {
				ALWAYS_SEARCH_USER_PATHS = NO;
				ARCHS = "$(ARCHS_STANDARD_INCLUDING_64_BIT)";
				CLANG_CXX_LANGUAGE_STANDARD = "gnu++0x";
				CLANG_CXX_LIBRARY = "libc++";
				CLANG_ENABLE_MODULES = YES;
				CLANG_ENABLE_OBJC_ARC = YES;
				CLANG_WARN_BOOL_CONVERSION = YES;
				CLANG_WARN_CONSTANT_CONVERSION = YES;
				CLANG_WARN_DIRECT_OBJC_ISA_USAGE = YES_ERROR;
				CLANG_WARN_EMPTY_BODY = YES;
				CLANG_WARN_ENUM_CONVERSION = YES;
				CLANG_WARN_INT_CONVERSION = YES;
				CLANG_WARN_OBJC_ROOT_CLASS = YES_ERROR;
				CLANG_WARN__DUPLICATE_METHOD_MATCH = YES;
				"CODE_SIGN_IDENTITY[sdk=iphoneos*]" = "iPhone Developer";
				COPY_PHASE_STRIP = YES;
				ENABLE_NS_ASSERTIONS = NO;
				GCC_C_LANGUAGE_STANDARD = gnu99;
				GCC_WARN_64_TO_32_BIT_CONVERSION = YES;
				GCC_WARN_ABOUT_RETURN_TYPE = YES_ERROR;
				GCC_WARN_UNDECLARED_SELECTOR = YES;
				GCC_WARN_UNINITIALIZED_AUTOS = YES;
				GCC_WARN_UNUSED_FUNCTION = YES;
				GCC_WARN_UNUSED_VARIABLE = YES;
				IPHONEOS_DEPLOYMENT_TARGET = 7.0;
				SDKROOT = iphoneos;
				VALIDATE_PRODUCT = YES;
			};
			name = Release;
		};
		C530E047189DAC080026AD00 /* Debug */ = {
			isa = XCBuildConfiguration;
			baseConfigurationReference = E6B73666142E4ADAAD78783D /* Pods.xcconfig */;
			buildSettings = {
				ASSETCATALOG_COMPILER_APPICON_NAME = AppIcon;
				ASSETCATALOG_COMPILER_LAUNCHIMAGE_NAME = LaunchImage;
				FRAMEWORK_SEARCH_PATHS = (
					"$(inherited)",
					/Users/davidlaw/data/ios,
					/Documents/FacebookSDK,
				);
				GCC_PRECOMPILE_PREFIX_HEADER = YES;
				GCC_PREFIX_HEADER = "twitter_client/twitter_client-Prefix.pch";
				INFOPLIST_FILE = "twitter_client/twitter_client-Info.plist";
				OTHER_LDFLAGS = (
					"-framework",
					CoreGraphics,
					"-framework",
					MobileCoreServices,
					"-framework",
					Security,
					"-framework",
					SystemConfiguration,
					"-ObjC",
				);
				PRODUCT_NAME = "$(TARGET_NAME)";
				WRAPPER_EXTENSION = app;
			};
			name = Debug;
		};
		C530E048189DAC080026AD00 /* Release */ = {
			isa = XCBuildConfiguration;
			baseConfigurationReference = E6B73666142E4ADAAD78783D /* Pods.xcconfig */;
			buildSettings = {
				ASSETCATALOG_COMPILER_APPICON_NAME = AppIcon;
				ASSETCATALOG_COMPILER_LAUNCHIMAGE_NAME = LaunchImage;
				FRAMEWORK_SEARCH_PATHS = (
					"$(inherited)",
					/Users/davidlaw/data/ios,
					/Documents/FacebookSDK,
				);
				GCC_PRECOMPILE_PREFIX_HEADER = YES;
				GCC_PREFIX_HEADER = "twitter_client/twitter_client-Prefix.pch";
				INFOPLIST_FILE = "twitter_client/twitter_client-Info.plist";
				OTHER_LDFLAGS = (
					"-framework",
					CoreGraphics,
					"-framework",
					MobileCoreServices,
					"-framework",
					Security,
					"-framework",
					SystemConfiguration,
					"-ObjC",
				);
				PRODUCT_NAME = "$(TARGET_NAME)";
				WRAPPER_EXTENSION = app;
			};
			name = Release;
		};
		C530E04A189DAC080026AD00 /* Debug */ = {
			isa = XCBuildConfiguration;
			buildSettings = {
				ARCHS = "$(ARCHS_STANDARD_INCLUDING_64_BIT)";
				BUNDLE_LOADER = "$(BUILT_PRODUCTS_DIR)/twitter_client.app/twitter_client";
				FRAMEWORK_SEARCH_PATHS = (
					"$(SDKROOT)/Developer/Library/Frameworks",
					"$(inherited)",
					"$(DEVELOPER_FRAMEWORKS_DIR)",
				);
				GCC_PRECOMPILE_PREFIX_HEADER = YES;
				GCC_PREFIX_HEADER = "twitter_client/twitter_client-Prefix.pch";
				GCC_PREPROCESSOR_DEFINITIONS = (
					"DEBUG=1",
					"$(inherited)",
				);
				INFOPLIST_FILE = "twitter_clientTests/twitter_clientTests-Info.plist";
				PRODUCT_NAME = "$(TARGET_NAME)";
				TEST_HOST = "$(BUNDLE_LOADER)";
				WRAPPER_EXTENSION = xctest;
			};
			name = Debug;
		};
		C530E04B189DAC080026AD00 /* Release */ = {
			isa = XCBuildConfiguration;
			buildSettings = {
				ARCHS = "$(ARCHS_STANDARD_INCLUDING_64_BIT)";
				BUNDLE_LOADER = "$(BUILT_PRODUCTS_DIR)/twitter_client.app/twitter_client";
				FRAMEWORK_SEARCH_PATHS = (
					"$(SDKROOT)/Developer/Library/Frameworks",
					"$(inherited)",
					"$(DEVELOPER_FRAMEWORKS_DIR)",
				);
				GCC_PRECOMPILE_PREFIX_HEADER = YES;
				GCC_PREFIX_HEADER = "twitter_client/twitter_client-Prefix.pch";
				INFOPLIST_FILE = "twitter_clientTests/twitter_clientTests-Info.plist";
				PRODUCT_NAME = "$(TARGET_NAME)";
				TEST_HOST = "$(BUNDLE_LOADER)";
				WRAPPER_EXTENSION = xctest;
			};
			name = Release;
		};
/* End XCBuildConfiguration section */

/* Begin XCConfigurationList section */
		C530E015189DAC080026AD00 /* Build configuration list for PBXProject "twitter_client" */ = {
			isa = XCConfigurationList;
			buildConfigurations = (
				C530E044189DAC080026AD00 /* Debug */,
				C530E045189DAC080026AD00 /* Release */,
			);
			defaultConfigurationIsVisible = 0;
			defaultConfigurationName = Release;
		};
		C530E046189DAC080026AD00 /* Build configuration list for PBXNativeTarget "twitter_client" */ = {
			isa = XCConfigurationList;
			buildConfigurations = (
				C530E047189DAC080026AD00 /* Debug */,
				C530E048189DAC080026AD00 /* Release */,
			);
			defaultConfigurationIsVisible = 0;
			defaultConfigurationName = Release;
		};
		C530E049189DAC080026AD00 /* Build configuration list for PBXNativeTarget "twitter_clientTests" */ = {
			isa = XCConfigurationList;
			buildConfigurations = (
				C530E04A189DAC080026AD00 /* Debug */,
				C530E04B189DAC080026AD00 /* Release */,
			);
			defaultConfigurationIsVisible = 0;
			defaultConfigurationName = Release;
		};
/* End XCConfigurationList section */
	};
	rootObject = C530E012189DAC080026AD00 /* Project object */;
}
